
Microsoft Visual Studio Solution File, Format Version 12.00
# Visual Studio Version 16
VisualStudioVersion = 16.0.29905.134
MinimumVisualStudioVersion = 10.0.40219.1
Project("{9A19103F-16F7-4668-BE54-9A1E7A4F7556}") = "Passenger.Core", "Passenger\Passenger.Core.csproj", "{F67D86DB-ACED-4EE6-9C0D-2D4FE4261952}"
EndProject
Project("{9A19103F-16F7-4668-BE54-9A1E7A4F7556}") = "Passenger.Infrastructure", "Passenger.Infrastructure\Passenger.Infrastructure.csproj", "{1EC2BA3C-ACE9-4A9E-A09E-15469508BBC2}"
	ProjectSection(ProjectDependencies) = postProject
		{F67D86DB-ACED-4EE6-9C0D-2D4FE4261952} = {F67D86DB-ACED-4EE6-9C0D-2D4FE4261952}
	EndProjectSection
EndProject
Project("{9A19103F-16F7-4668-BE54-9A1E7A4F7556}") = "Passenger.Api", "Passenger.Api\Passenger.Api.csproj", "{26722C23-DF45-4767-8B5D-3CF2CB0B8132}"
	ProjectSection(ProjectDependencies) = postProject
		{1EC2BA3C-ACE9-4A9E-A09E-15469508BBC2} = {1EC2BA3C-ACE9-4A9E-A09E-15469508BBC2}
	EndProjectSection
EndProject
Project("{FAE04EC0-301F-11D3-BF4B-00C04F79EFBC}") = "Passenger.Tests", "Passenger.Tests\Passenger.Tests.csproj", "{C7731539-D014-4F69-92A2-52A878AE8648}"
	ProjectSection(ProjectDependencies) = postProject
		{1EC2BA3C-ACE9-4A9E-A09E-15469508BBC2} = {1EC2BA3C-ACE9-4A9E-A09E-15469508BBC2}
		{F67D86DB-ACED-4EE6-9C0D-2D4FE4261952} = {F67D86DB-ACED-4EE6-9C0D-2D4FE4261952}
	EndProjectSection
EndProject
Project("{FAE04EC0-301F-11D3-BF4B-00C04F79EFBC}") = "Passenger.Tests.EndToEnd", "Passenger.Tests.EndToEnd\Passenger.Tests.EndToEnd.csproj", "{96EDDE5F-26AD-434D-8286-FC9F0E07486F}"
EndProject
Global
	GlobalSection(SolutionConfigurationPlatforms) = preSolution
		Debug|Any CPU = Debug|Any CPU
		Release|Any CPU = Release|Any CPU
	EndGlobalSection
	GlobalSection(ProjectConfigurationPlatforms) = postSolution
		{F67D86DB-ACED-4EE6-9C0D-2D4FE4261952}.Debug|Any CPU.ActiveCfg = Debug|Any CPU
		{F67D86DB-ACED-4EE6-9C0D-2D4FE4261952}.Debug|Any CPU.Build.0 = Debug|Any CPU
		{F67D86DB-ACED-4EE6-9C0D-2D4FE4261952}.Release|Any CPU.ActiveCfg = Release|Any CPU
		{F67D86DB-ACED-4EE6-9C0D-2D4FE4261952}.Release|Any CPU.Build.0 = Release|Any CPU
		{1EC2BA3C-ACE9-4A9E-A09E-15469508BBC2}.Debug|Any CPU.ActiveCfg = Debug|Any CPU
		{1EC2BA3C-ACE9-4A9E-A09E-15469508BBC2}.Debug|Any CPU.Build.0 = Debug|Any CPU
		{1EC2BA3C-ACE9-4A9E-A09E-15469508BBC2}.Release|Any CPU.ActiveCfg = Release|Any CPU
		{1EC2BA3C-ACE9-4A9E-A09E-15469508BBC2}.Release|Any CPU.Build.0 = Release|Any CPU
		{26722C23-DF45-4767-8B5D-3CF2CB0B8132}.Debug|Any CPU.ActiveCfg = Debug|Any CPU
		{26722C23-DF45-4767-8B5D-3CF2CB0B8132}.Debug|Any CPU.Build.0 = Debug|Any CPU
		{26722C23-DF45-4767-8B5D-3CF2CB0B8132}.Release|Any CPU.ActiveCfg = Release|Any CPU
		{26722C23-DF45-4767-8B5D-3CF2CB0B8132}.Release|Any CPU.Build.0 = Release|Any CPU
		{C7731539-D014-4F69-92A2-52A878AE8648}.Debug|Any CPU.ActiveCfg = Debug|Any CPU
		{C7731539-D014-4F69-92A2-52A878AE8648}.Debug|Any CPU.Build.0 = Debug|Any CPU
		{C7731539-D014-4F69-92A2-52A878AE8648}.Release|Any CPU.ActiveCfg = Release|Any CPU
		{C7731539-D014-4F69-92A2-52A878AE8648}.Release|Any CPU.Build.0 = Release|Any CPU
		{96EDDE5F-26AD-434D-8286-FC9F0E07486F}.Debug|Any CPU.ActiveCfg = Debug|Any CPU
		{96EDDE5F-26AD-434D-8286-FC9F0E07486F}.Debug|Any CPU.Build.0 = Debug|Any CPU
		{96EDDE5F-26AD-434D-8286-FC9F0E07486F}.Release|Any CPU.ActiveCfg = Release|Any CPU
		{96EDDE5F-26AD-434D-8286-FC9F0E07486F}.Release|Any CPU.Build.0 = Release|Any CPU
	EndGlobalSection
	GlobalSection(SolutionProperties) = preSolution
		HideSolutionNode = FALSE
	EndGlobalSection
	GlobalSection(ExtensibilityGlobals) = postSolution
		SolutionGuid = {68717EFC-6E0D-4EDB-94FE-6D60C321D893}
	EndGlobalSection
EndGlobal
